
Microsoft Visual Studio Solution File, Format Version 12.00
# Visual Studio Version 16
VisualStudioVersion = 16.0.29709.97
MinimumVisualStudioVersion = 10.0.40219.1
Project("{FAE04EC0-301F-11D3-BF4B-00C04F79EFBC}") = "DictationaryParser", "DictationaryParser\DictationaryParser.csproj", "{8A675BA6-6874-4777-A538-25907C8F3D66}"
EndProject
Project("{FAE04EC0-301F-11D3-BF4B-00C04F79EFBC}") = "UnitTests", "UnitTests\UnitTests.csproj", "{060EB985-72A7-496C-8609-9785E362C5B0}"
EndProject
Global
	GlobalSection(SolutionConfigurationPlatforms) = preSolution
		Debug|Any CPU = Debug|Any CPU
		Release|Any CPU = Release|Any CPU
	EndGlobalSection
	GlobalSection(ProjectConfigurationPlatforms) = postSolution
		{8A675BA6-6874-4777-A538-25907C8F3D66}.Debug|Any CPU.ActiveCfg = Debug|Any CPU
		{8A675BA6-6874-4777-A538-25907C8F3D66}.Debug|Any CPU.Build.0 = Debug|Any CPU
		{8A675BA6-6874-4777-A538-25907C8F3D66}.Release|Any CPU.ActiveCfg = Release|Any CPU
		{8A675BA6-6874-4777-A538-25907C8F3D66}.Release|Any CPU.Build.0 = Release|Any CPU
		{060EB985-72A7-496C-8609-9785E362C5B0}.Debug|Any CPU.ActiveCfg = Debug|Any CPU
		{060EB985-72A7-496C-8609-9785E362C5B0}.Debug|Any CPU.Build.0 = Debug|Any CPU
		{060EB985-72A7-496C-8609-9785E362C5B0}.Release|Any CPU.ActiveCfg = Release|Any CPU
		{060EB985-72A7-496C-8609-9785E362C5B0}.Release|Any CPU.Build.0 = Release|Any CPU
	EndGlobalSection
	GlobalSection(SolutionProperties) = preSolution
		HideSolutionNode = FALSE
	EndGlobalSection
	GlobalSection(ExtensibilityGlobals) = postSolution
		SolutionGuid = {60385063-D8D2-4BAE-A228-714B577E6139}
	EndGlobalSection
EndGlobal
